// !$*UTF8*$!
{
	archiveVersion = 1;
	classes = {
	};
	objectVersion = 56;
	objects = {

/* Begin PBXBuildFile section */
		771E5ADE29CED055001DE915 /* IntroViewController+Extension.swift in Sources */ = {isa = PBXBuildFile; fileRef = 771E5ADD29CED055001DE915 /* IntroViewController+Extension.swift */; };
		771E5AE229CEF125001DE915 /* OneCollectionViewCell.swift in Sources */ = {isa = PBXBuildFile; fileRef = 771E5AE129CEF125001DE915 /* OneCollectionViewCell.swift */; };
		77E029D029C98BAF002F845A /* AppDelegate.swift in Sources */ = {isa = PBXBuildFile; fileRef = 77E029CF29C98BAF002F845A /* AppDelegate.swift */; };
		77E029D229C98BB0002F845A /* SceneDelegate.swift in Sources */ = {isa = PBXBuildFile; fileRef = 77E029D129C98BB0002F845A /* SceneDelegate.swift */; };
		77E029D729C98BB0002F845A /* Main.storyboard in Resources */ = {isa = PBXBuildFile; fileRef = 77E029D529C98BB0002F845A /* Main.storyboard */; };
		77E029D929C98BB1002F845A /* Assets.xcassets in Resources */ = {isa = PBXBuildFile; fileRef = 77E029D829C98BB1002F845A /* Assets.xcassets */; };
		77E029DC29C98BB1002F845A /* LaunchScreen.storyboard in Resources */ = {isa = PBXBuildFile; fileRef = 77E029DA29C98BB1002F845A /* LaunchScreen.storyboard */; };
		77E029E429C98C3B002F845A /* Result.swift in Sources */ = {isa = PBXBuildFile; fileRef = 77E029E329C98C3B002F845A /* Result.swift */; };
		77E029E829C98CD3002F845A /* ListTableViewController.swift in Sources */ = {isa = PBXBuildFile; fileRef = 77E029E729C98CD3002F845A /* ListTableViewController.swift */; };
		77E029EA29C98CEB002F845A /* ListTableViewCell.swift in Sources */ = {isa = PBXBuildFile; fileRef = 77E029E929C98CEB002F845A /* ListTableViewCell.swift */; };
		77E029ED29C98D3C002F845A /* Kingfisher in Frameworks */ = {isa = PBXBuildFile; productRef = 77E029EC29C98D3C002F845A /* Kingfisher */; };
		77E029EF29C98EDA002F845A /* IntroViewController.swift in Sources */ = {isa = PBXBuildFile; fileRef = 77E029EE29C98EDA002F845A /* IntroViewController.swift */; };
		77EFDAC429D00FB000C1FEC7 /* MapViewController.swift in Sources */ = {isa = PBXBuildFile; fileRef = 77EFDAC329D00FB000C1FEC7 /* MapViewController.swift */; };
		77F8270829CC016A005A2E93 /* ReviewTableViewCell.swift in Sources */ = {isa = PBXBuildFile; fileRef = 77F8270729CC016A005A2E93 /* ReviewTableViewCell.swift */; };
		77F8270A29CC0184005A2E93 /* ReviewTableViewController.swift in Sources */ = {isa = PBXBuildFile; fileRef = 77F8270929CC0184005A2E93 /* ReviewTableViewController.swift */; };
/* End PBXBuildFile section */

/* Begin PBXFileReference section */
		771E5ADD29CED055001DE915 /* IntroViewController+Extension.swift */ = {isa = PBXFileReference; lastKnownFileType = sourcecode.swift; path = "IntroViewController+Extension.swift"; sourceTree = "<group>"; };
		771E5AE129CEF125001DE915 /* OneCollectionViewCell.swift */ = {isa = PBXFileReference; lastKnownFileType = sourcecode.swift; path = OneCollectionViewCell.swift; sourceTree = "<group>"; };
		77E029CC29C98BAF002F845A /* TIH API via prepare.app */ = {isa = PBXFileReference; explicitFileType = wrapper.application; includeInIndex = 0; path = "TIH API via prepare.app"; sourceTree = BUILT_PRODUCTS_DIR; };
		77E029CF29C98BAF002F845A /* AppDelegate.swift */ = {isa = PBXFileReference; lastKnownFileType = sourcecode.swift; path = AppDelegate.swift; sourceTree = "<group>"; };
		77E029D129C98BB0002F845A /* SceneDelegate.swift */ = {isa = PBXFileReference; lastKnownFileType = sourcecode.swift; path = SceneDelegate.swift; sourceTree = "<group>"; };
		77E029D629C98BB0002F845A /* Base */ = {isa = PBXFileReference; lastKnownFileType = file.storyboard; name = Base; path = Base.lproj/Main.storyboard; sourceTree = "<group>"; };
		77E029D829C98BB1002F845A /* Assets.xcassets */ = {isa = PBXFileReference; lastKnownFileType = folder.assetcatalog; path = Assets.xcassets; sourceTree = "<group>"; };
		77E029DB29C98BB1002F845A /* Base */ = {isa = PBXFileReference; lastKnownFileType = file.storyboard; name = Base; path = Base.lproj/LaunchScreen.storyboard; sourceTree = "<group>"; };
		77E029DD29C98BB1002F845A /* Info.plist */ = {isa = PBXFileReference; lastKnownFileType = text.plist.xml; path = Info.plist; sourceTree = "<group>"; };
		77E029E329C98C3B002F845A /* Result.swift */ = {isa = PBXFileReference; lastKnownFileType = sourcecode.swift; path = Result.swift; sourceTree = "<group>"; };
		77E029E729C98CD3002F845A /* ListTableViewController.swift */ = {isa = PBXFileReference; lastKnownFileType = sourcecode.swift; path = ListTableViewController.swift; sourceTree = "<group>"; };
		77E029E929C98CEB002F845A /* ListTableViewCell.swift */ = {isa = PBXFileReference; lastKnownFileType = sourcecode.swift; path = ListTableViewCell.swift; sourceTree = "<group>"; };
		77E029EE29C98EDA002F845A /* IntroViewController.swift */ = {isa = PBXFileReference; lastKnownFileType = sourcecode.swift; path = IntroViewController.swift; sourceTree = "<group>"; };
		77EFDAC329D00FB000C1FEC7 /* MapViewController.swift */ = {isa = PBXFileReference; lastKnownFileType = sourcecode.swift; path = MapViewController.swift; sourceTree = "<group>"; };
		77F8270729CC016A005A2E93 /* ReviewTableViewCell.swift */ = {isa = PBXFileReference; lastKnownFileType = sourcecode.swift; path = ReviewTableViewCell.swift; sourceTree = "<group>"; };
		77F8270929CC0184005A2E93 /* ReviewTableViewController.swift */ = {isa = PBXFileReference; lastKnownFileType = sourcecode.swift; path = ReviewTableViewController.swift; sourceTree = "<group>"; };
/* End PBXFileReference section */

/* Begin PBXFrameworksBuildPhase section */
		77E029C929C98BAF002F845A /* Frameworks */ = {
			isa = PBXFrameworksBuildPhase;
			buildActionMask = 2147483647;
			files = (
				77E029ED29C98D3C002F845A /* Kingfisher in Frameworks */,
			);
			runOnlyForDeploymentPostprocessing = 0;
		};
/* End PBXFrameworksBuildPhase section */

/* Begin PBXGroup section */
		7723F8262A52F61500A9C734 /* Model */ = {
			isa = PBXGroup;
			children = (
				77E029E329C98C3B002F845A /* Result.swift */,
			);
			path = Model;
			sourceTree = "<group>";
		};
		7723F8272A52F67800A9C734 /* View */ = {
			isa = PBXGroup;
			children = (
				77E029E929C98CEB002F845A /* ListTableViewCell.swift */,
				77F8270729CC016A005A2E93 /* ReviewTableViewCell.swift */,
				771E5AE129CEF125001DE915 /* OneCollectionViewCell.swift */,
			);
			path = View;
			sourceTree = "<group>";
		};
		7723F8282A52F6AA00A9C734 /* Controller */ = {
			isa = PBXGroup;
			children = (
				77E029EE29C98EDA002F845A /* IntroViewController.swift */,
				77E029E729C98CD3002F845A /* ListTableViewController.swift */,
				77EFDAC329D00FB000C1FEC7 /* MapViewController.swift */,
				77F8270929CC0184005A2E93 /* ReviewTableViewController.swift */,
			);
			path = Controller;
			sourceTree = "<group>";
		};
		7723F8292A52F6C500A9C734 /* Extension */ = {
			isa = PBXGroup;
			children = (
				771E5ADD29CED055001DE915 /* IntroViewController+Extension.swift */,
			);
			path = Extension;
			sourceTree = "<group>";
		};
		77E029C329C98BAF002F845A = {
			isa = PBXGroup;
			children = (
				77E029CE29C98BAF002F845A /* TIH API via present */,
				77E029CD29C98BAF002F845A /* Products */,
			);
			sourceTree = "<group>";
		};
		77E029CD29C98BAF002F845A /* Products */ = {
			isa = PBXGroup;
			children = (
				77E029CC29C98BAF002F845A /* TIH API via prepare.app */,
			);
			name = Products;
			sourceTree = "<group>";
		};
		77E029CE29C98BAF002F845A /* TIH API via present */ = {
			isa = PBXGroup;
			children = (
				77E029CF29C98BAF002F845A /* AppDelegate.swift */,
				77E029D129C98BB0002F845A /* SceneDelegate.swift */,
				7723F8282A52F6AA00A9C734 /* Controller */,
				7723F8272A52F67800A9C734 /* View */,
				7723F8292A52F6C500A9C734 /* Extension */,
				7723F8262A52F61500A9C734 /* Model */,
				77E029D829C98BB1002F845A /* Assets.xcassets */,
				77E029D529C98BB0002F845A /* Main.storyboard */,
				77E029DA29C98BB1002F845A /* LaunchScreen.storyboard */,
				77E029DD29C98BB1002F845A /* Info.plist */,
			);
			path = "TIH API via present";
			sourceTree = "<group>";
		};
/* End PBXGroup section */

/* Begin PBXNativeTarget section */
		77E029CB29C98BAF002F845A /* TIH API via prepare */ = {
			isa = PBXNativeTarget;
			buildConfigurationList = 77E029E029C98BB1002F845A /* Build configuration list for PBXNativeTarget "TIH API via prepare" */;
			buildPhases = (
				77E029C829C98BAF002F845A /* Sources */,
				77E029C929C98BAF002F845A /* Frameworks */,
				77E029CA29C98BAF002F845A /* Resources */,
			);
			buildRules = (
			);
			dependencies = (
			);
			name = "TIH API via prepare";
			packageProductDependencies = (
				77E029EC29C98D3C002F845A /* Kingfisher */,
			);
			productName = "TIH API via present";
			productReference = 77E029CC29C98BAF002F845A /* TIH API via prepare.app */;
			productType = "com.apple.product-type.application";
		};
/* End PBXNativeTarget section */

/* Begin PBXProject section */
		77E029C429C98BAF002F845A /* Project object */ = {
			isa = PBXProject;
			attributes = {
				BuildIndependentTargetsInParallel = 1;
				LastSwiftUpdateCheck = 1420;
				LastUpgradeCheck = 1420;
				TargetAttributes = {
					77E029CB29C98BAF002F845A = {
						CreatedOnToolsVersion = 14.2;
					};
				};
			};
			buildConfigurationList = 77E029C729C98BAF002F845A /* Build configuration list for PBXProject "TIH API via prepare" */;
			compatibilityVersion = "Xcode 14.0";
			developmentRegion = en;
			hasScannedForEncodings = 0;
			knownRegions = (
				en,
				Base,
			);
			mainGroup = 77E029C329C98BAF002F845A;
			packageReferences = (
				77E029EB29C98D3C002F845A /* XCRemoteSwiftPackageReference "Kingfisher" */,
			);
			productRefGroup = 77E029CD29C98BAF002F845A /* Products */;
			projectDirPath = "";
			projectRoot = "";
			targets = (
				77E029CB29C98BAF002F845A /* TIH API via prepare */,
			);
		};
/* End PBXProject section */

/* Begin PBXResourcesBuildPhase section */
		77E029CA29C98BAF002F845A /* Resources */ = {
			isa = PBXResourcesBuildPhase;
			buildActionMask = 2147483647;
			files = (
				77E029DC29C98BB1002F845A /* LaunchScreen.storyboard in Resources */,
				77E029D929C98BB1002F845A /* Assets.xcassets in Resources */,
				77E029D729C98BB0002F845A /* Main.storyboard in Resources */,
			);
			runOnlyForDeploymentPostprocessing = 0;
		};
/* End PBXResourcesBuildPhase section */

/* Begin PBXSourcesBuildPhase section */
		77E029C829C98BAF002F845A /* Sources */ = {
			isa = PBXSourcesBuildPhase;
			buildActionMask = 2147483647;
			files = (
				77EFDAC429D00FB000C1FEC7 /* MapViewController.swift in Sources */,
				77E029E429C98C3B002F845A /* Result.swift in Sources */,
				771E5AE229CEF125001DE915 /* OneCollectionViewCell.swift in Sources */,
				77E029D029C98BAF002F845A /* AppDelegate.swift in Sources */,
				77E029D229C98BB0002F845A /* SceneDelegate.swift in Sources */,
				771E5ADE29CED055001DE915 /* IntroViewController+Extension.swift in Sources */,
				77F8270A29CC0184005A2E93 /* ReviewTableViewController.swift in Sources */,
				77E029EF29C98EDA002F845A /* IntroViewController.swift in Sources */,
				77E029E829C98CD3002F845A /* ListTableViewController.swift in Sources */,
				77F8270829CC016A005A2E93 /* ReviewTableViewCell.swift in Sources */,
				77E029EA29C98CEB002F845A /* ListTableViewCell.swift in Sources */,
			);
			runOnlyForDeploymentPostprocessing = 0;
		};
/* End PBXSourcesBuildPhase section */

/* Begin PBXVariantGroup section */
		77E029D529C98BB0002F845A /* Main.storyboard */ = {
			isa = PBXVariantGroup;
			children = (
				77E029D629C98BB0002F845A /* Base */,
			);
			name = Main.storyboard;
			sourceTree = "<group>";
		};
		77E029DA29C98BB1002F845A /* LaunchScreen.storyboard */ = {
			isa = PBXVariantGroup;
			children = (
				77E029DB29C98BB1002F845A /* Base */,
			);
			name = LaunchScreen.storyboard;
			sourceTree = "<group>";
		};
/* End PBXVariantGroup section */

/* Begin XCBuildConfiguration section */
		77E029DE29C98BB1002F845A /* Debug */ = {
			isa = XCBuildConfiguration;
			buildSettings = {
				ALWAYS_SEARCH_USER_PATHS = NO;
				CLANG_ANALYZER_NONNULL = YES;
				CLANG_ANALYZER_NUMBER_OBJECT_CONVERSION = YES_AGGRESSIVE;
				CLANG_CXX_LANGUAGE_STANDARD = "gnu++20";
				CLANG_ENABLE_MODULES = YES;
				CLANG_ENABLE_OBJC_ARC = YES;
				CLANG_ENABLE_OBJC_WEAK = YES;
				CLANG_WARN_BLOCK_CAPTURE_AUTORELEASING = YES;
				CLANG_WARN_BOOL_CONVERSION = YES;
				CLANG_WARN_COMMA = YES;
				CLANG_WARN_CONSTANT_CONVERSION = YES;
				CLANG_WARN_DEPRECATED_OBJC_IMPLEMENTATIONS = YES;
				CLANG_WARN_DIRECT_OBJC_ISA_USAGE = YES_ERROR;
				CLANG_WARN_DOCUMENTATION_COMMENTS = YES;
				CLANG_WARN_EMPTY_BODY = YES;
				CLANG_WARN_ENUM_CONVERSION = YES;
				CLANG_WARN_INFINITE_RECURSION = YES;
				CLANG_WARN_INT_CONVERSION = YES;
				CLANG_WARN_NON_LITERAL_NULL_CONVERSION = YES;
				CLANG_WARN_OBJC_IMPLICIT_RETAIN_SELF = YES;
				CLANG_WARN_OBJC_LITERAL_CONVERSION = YES;
				CLANG_WARN_OBJC_ROOT_CLASS = YES_ERROR;
				CLANG_WARN_QUOTED_INCLUDE_IN_FRAMEWORK_HEADER = YES;
				CLANG_WARN_RANGE_LOOP_ANALYSIS = YES;
				CLANG_WARN_STRICT_PROTOTYPES = YES;
				CLANG_WARN_SUSPICIOUS_MOVE = YES;
				CLANG_WARN_UNGUARDED_AVAILABILITY = YES_AGGRESSIVE;
				CLANG_WARN_UNREACHABLE_CODE = YES;
				CLANG_WARN__DUPLICATE_METHOD_MATCH = YES;
				COPY_PHASE_STRIP = NO;
				DEBUG_INFORMATION_FORMAT = dwarf;
				ENABLE_STRICT_OBJC_MSGSEND = YES;
				ENABLE_TESTABILITY = YES;
				GCC_C_LANGUAGE_STANDARD = gnu11;
				GCC_DYNAMIC_NO_PIC = NO;
				GCC_NO_COMMON_BLOCKS = YES;
				GCC_OPTIMIZATION_LEVEL = 0;
				GCC_PREPROCESSOR_DEFINITIONS = (
					"DEBUG=1",
					"$(inherited)",
				);
				GCC_WARN_64_TO_32_BIT_CONVERSION = YES;
				GCC_WARN_ABOUT_RETURN_TYPE = YES_ERROR;
				GCC_WARN_UNDECLARED_SELECTOR = YES;
				GCC_WARN_UNINITIALIZED_AUTOS = YES_AGGRESSIVE;
				GCC_WARN_UNUSED_FUNCTION = YES;
				GCC_WARN_UNUSED_VARIABLE = YES;
				IPHONEOS_DEPLOYMENT_TARGET = 16.2;
				MTL_ENABLE_DEBUG_INFO = INCLUDE_SOURCE;
				MTL_FAST_MATH = YES;
				ONLY_ACTIVE_ARCH = YES;
				SDKROOT = iphoneos;
				SWIFT_ACTIVE_COMPILATION_CONDITIONS = DEBUG;
				SWIFT_OPTIMIZATION_LEVEL = "-Onone";
			};
			name = Debug;
		};
		77E029DF29C98BB1002F845A /* Release */ = {
			isa = XCBuildConfiguration;
			buildSettings = {
				ALWAYS_SEARCH_USER_PATHS = NO;
				CLANG_ANALYZER_NONNULL = YES;
				CLANG_ANALYZER_NUMBER_OBJECT_CONVERSION = YES_AGGRESSIVE;
				CLANG_CXX_LANGUAGE_STANDARD = "gnu++20";
				CLANG_ENABLE_MODULES = YES;
				CLANG_ENABLE_OBJC_ARC = YES;
				CLANG_ENABLE_OBJC_WEAK = YES;
				CLANG_WARN_BLOCK_CAPTURE_AUTORELEASING = YES;
				CLANG_WARN_BOOL_CONVERSION = YES;
				CLANG_WARN_COMMA = YES;
				CLANG_WARN_CONSTANT_CONVERSION = YES;
				CLANG_WARN_DEPRECATED_OBJC_IMPLEMENTATIONS = YES;
				CLANG_WARN_DIRECT_OBJC_ISA_USAGE = YES_ERROR;
				CLANG_WARN_DOCUMENTATION_COMMENTS = YES;
				CLANG_WARN_EMPTY_BODY = YES;
				CLANG_WARN_ENUM_CONVERSION = YES;
				CLANG_WARN_INFINITE_RECURSION = YES;
				CLANG_WARN_INT_CONVERSION = YES;
				CLANG_WARN_NON_LITERAL_NULL_CONVERSION = YES;
				CLANG_WARN_OBJC_IMPLICIT_RETAIN_SELF = YES;
				CLANG_WARN_OBJC_LITERAL_CONVERSION = YES;
				CLANG_WARN_OBJC_ROOT_CLASS = YES_ERROR;
				CLANG_WARN_QUOTED_INCLUDE_IN_FRAMEWORK_HEADER = YES;
				CLANG_WARN_RANGE_LOOP_ANALYSIS = YES;
				CLANG_WARN_STRICT_PROTOTYPES = YES;
				CLANG_WARN_SUSPICIOUS_MOVE = YES;
				CLANG_WARN_UNGUARDED_AVAILABILITY = YES_AGGRESSIVE;
				CLANG_WARN_UNREACHABLE_CODE = YES;
				CLANG_WARN__DUPLICATE_METHOD_MATCH = YES;
				COPY_PHASE_STRIP = NO;
				DEBUG_INFORMATION_FORMAT = "dwarf-with-dsym";
				ENABLE_NS_ASSERTIONS = NO;
				ENABLE_STRICT_OBJC_MSGSEND = YES;
				GCC_C_LANGUAGE_STANDARD = gnu11;
				GCC_NO_COMMON_BLOCKS = YES;
				GCC_WARN_64_TO_32_BIT_CONVERSION = YES;
				GCC_WARN_ABOUT_RETURN_TYPE = YES_ERROR;
				GCC_WARN_UNDECLARED_SELECTOR = YES;
				GCC_WARN_UNINITIALIZED_AUTOS = YES_AGGRESSIVE;
				GCC_WARN_UNUSED_FUNCTION = YES;
				GCC_WARN_UNUSED_VARIABLE = YES;
				IPHONEOS_DEPLOYMENT_TARGET = 16.2;
				MTL_ENABLE_DEBUG_INFO = NO;
				MTL_FAST_MATH = YES;
				SDKROOT = iphoneos;
				SWIFT_COMPILATION_MODE = wholemodule;
				SWIFT_OPTIMIZATION_LEVEL = "-O";
				VALIDATE_PRODUCT = YES;
			};
			name = Release;
		};
		77E029E129C98BB1002F845A /* Debug */ = {
			isa = XCBuildConfiguration;
			buildSettings = {
				ASSETCATALOG_COMPILER_APPICON_NAME = AppIcon;
				ASSETCATALOG_COMPILER_GLOBAL_ACCENT_COLOR_NAME = AccentColor;
				CODE_SIGN_STYLE = Automatic;
				CURRENT_PROJECT_VERSION = 1;
				DEVELOPMENT_TEAM = CFFK3CHSWD;
				GENERATE_INFOPLIST_FILE = YES;
				INFOPLIST_FILE = "TIH API via present/Info.plist";
				INFOPLIST_KEY_CFBundleDisplayName = "Hotel in Singapore";
				INFOPLIST_KEY_LSApplicationCategoryType = "public.app-category.travel";
				INFOPLIST_KEY_UIApplicationSupportsIndirectInputEvents = YES;
				INFOPLIST_KEY_UILaunchStoryboardName = LaunchScreen;
				INFOPLIST_KEY_UIMainStoryboardFile = Main;
				INFOPLIST_KEY_UISupportedInterfaceOrientations_iPad = "UIInterfaceOrientationPortrait UIInterfaceOrientationPortraitUpsideDown UIInterfaceOrientationLandscapeLeft UIInterfaceOrientationLandscapeRight";
				INFOPLIST_KEY_UISupportedInterfaceOrientations_iPhone = "UIInterfaceOrientationPortrait UIInterfaceOrientationLandscapeLeft UIInterfaceOrientationLandscapeRight";
				LD_RUNPATH_SEARCH_PATHS = (
					"$(inherited)",
					"@executable_path/Frameworks",
				);
				MARKETING_VERSION = 1.0;
				PRODUCT_BUNDLE_IDENTIFIER = "com.RyanCY.TIH-API-via-present";
				PRODUCT_NAME = "$(TARGET_NAME)";
				SWIFT_EMIT_LOC_STRINGS = YES;
				SWIFT_VERSION = 5.0;
				TARGETED_DEVICE_FAMILY = "1,2";
			};
			name = Debug;
		};
		77E029E229C98BB1002F845A /* Release */ = {
			isa = XCBuildConfiguration;
			buildSettings = {
				ASSETCATALOG_COMPILER_APPICON_NAME = AppIcon;
				ASSETCATALOG_COMPILER_GLOBAL_ACCENT_COLOR_NAME = AccentColor;
				CODE_SIGN_STYLE = Automatic;
				CURRENT_PROJECT_VERSION = 1;
				DEVELOPMENT_TEAM = CFFK3CHSWD;
				GENERATE_INFOPLIST_FILE = YES;
				INFOPLIST_FILE = "TIH API via present/Info.plist";
				INFOPLIST_KEY_CFBundleDisplayName = "Hotel in Singapore";
				INFOPLIST_KEY_LSApplicationCategoryType = "public.app-category.travel";
				INFOPLIST_KEY_UIApplicationSupportsIndirectInputEvents = YES;
				INFOPLIST_KEY_UILaunchStoryboardName = LaunchScreen;
				INFOPLIST_KEY_UIMainStoryboardFile = Main;
				INFOPLIST_KEY_UISupportedInterfaceOrientations_iPad = "UIInterfaceOrientationPortrait UIInterfaceOrientationPortraitUpsideDown UIInterfaceOrientationLandscapeLeft UIInterfaceOrientationLandscapeRight";
				INFOPLIST_KEY_UISupportedInterfaceOrientations_iPhone = "UIInterfaceOrientationPortrait UIInterfaceOrientationLandscapeLeft UIInterfaceOrientationLandscapeRight";
				LD_RUNPATH_SEARCH_PATHS = (
					"$(inherited)",
					"@executable_path/Frameworks",
				);
				MARKETING_VERSION = 1.0;
				PRODUCT_BUNDLE_IDENTIFIER = "com.RyanCY.TIH-API-via-present";
				PRODUCT_NAME = "$(TARGET_NAME)";
				SWIFT_EMIT_LOC_STRINGS = YES;
				SWIFT_VERSION = 5.0;
				TARGETED_DEVICE_FAMILY = "1,2";
			};
			name = Release;
		};
/* End XCBuildConfiguration section */

/* Begin XCConfigurationList section */
		77E029C729C98BAF002F845A /* Build configuration list for PBXProject "TIH API via prepare" */ = {
			isa = XCConfigurationList;
			buildConfigurations = (
				77E029DE29C98BB1002F845A /* Debug */,
				77E029DF29C98BB1002F845A /* Release */,
			);
			defaultConfigurationIsVisible = 0;
			defaultConfigurationName = Release;
		};
		77E029E029C98BB1002F845A /* Build configuration list for PBXNativeTarget "TIH API via prepare" */ = {
			isa = XCConfigurationList;
			buildConfigurations = (
				77E029E129C98BB1002F845A /* Debug */,
				77E029E229C98BB1002F845A /* Release */,
			);
			defaultConfigurationIsVisible = 0;
			defaultConfigurationName = Release;
		};
/* End XCConfigurationList section */

/* Begin XCRemoteSwiftPackageReference section */
		77E029EB29C98D3C002F845A /* XCRemoteSwiftPackageReference "Kingfisher" */ = {
			isa = XCRemoteSwiftPackageReference;
			repositoryURL = "https://github.com/onevcat/Kingfisher";
			requirement = {
				branch = master;
				kind = branch;
			};
		};
/* End XCRemoteSwiftPackageReference section */

/* Begin XCSwiftPackageProductDependency section */
		77E029EC29C98D3C002F845A /* Kingfisher */ = {
			isa = XCSwiftPackageProductDependency;
			package = 77E029EB29C98D3C002F845A /* XCRemoteSwiftPackageReference "Kingfisher" */;
			productName = Kingfisher;
		};
/* End XCSwiftPackageProductDependency section */
	};
	rootObject = 77E029C429C98BAF002F845A /* Project object */;
}
